
Microsoft Visual Studio Solution File, Format Version 12.00
# Visual Studio Version 17
VisualStudioVersion = 17.11.35208.52
MinimumVisualStudioVersion = 10.0.40219.1
Project("{FAE04EC0-301F-11D3-BF4B-00C04F79EFBC}") = "SilkSharp", "SilkSharp\SilkSharp.csproj", "{34D51ECF-027A-462C-A029-18625A7F5DDF}"
EndProject
Project("{FAE04EC0-301F-11D3-BF4B-00C04F79EFBC}") = "SilkSharp.Demo", "SilkSharp.Demo\SilkSharp.Demo.csproj", "{99C07B2C-8AE9-4F93-A4CB-6348BAEFD956}"
EndProject
Global
	GlobalSection(SolutionConfigurationPlatforms) = preSolution
		Debug|Any CPU = Debug|Any CPU
		Release|Any CPU = Release|Any CPU
	EndGlobalSection
	GlobalSection(ProjectConfigurationPlatforms) = postSolution
		{34D51ECF-027A-462C-A029-18625A7F5DDF}.Debug|Any CPU.ActiveCfg = Debug|Any CPU
		{34D51ECF-027A-462C-A029-18625A7F5DDF}.Debug|Any CPU.Build.0 = Debug|Any CPU
		{34D51ECF-027A-462C-A029-18625A7F5DDF}.Release|Any CPU.ActiveCfg = Release|Any CPU
		{34D51ECF-027A-462C-A029-18625A7F5DDF}.Release|Any CPU.Build.0 = Release|Any CPU
		{99C07B2C-8AE9-4F93-A4CB-6348BAEFD956}.Debug|Any CPU.ActiveCfg = Debug|Any CPU
		{99C07B2C-8AE9-4F93-A4CB-6348BAEFD956}.Debug|Any CPU.Build.0 = Debug|Any CPU
		{99C07B2C-8AE9-4F93-A4CB-6348BAEFD956}.Release|Any CPU.ActiveCfg = Release|Any CPU
		{99C07B2C-8AE9-4F93-A4CB-6348BAEFD956}.Release|Any CPU.Build.0 = Release|Any CPU
	EndGlobalSection
	GlobalSection(SolutionProperties) = preSolution
		HideSolutionNode = FALSE
	EndGlobalSection
	GlobalSection(ExtensibilityGlobals) = postSolution
		SolutionGuid = {034EC5F4-3E67-4B70-9065-FA430DD8490F}
	EndGlobalSection
EndGlobal
